
Microsoft Visual Studio Solution File, Format Version 12.00
# Visual Studio 14
VisualStudioVersion = 14.0.23107.0
MinimumVisualStudioVersion = 10.0.40219.1
Project("{FAE04EC0-301F-11D3-BF4B-00C04F79EFBC}") = "RitoWars", "RitoWars\RitoWars.csproj", "{FA75079E-C73A-4667-9B15-2DF8859FCD29}"
EndProject
Project("{FAE04EC0-301F-11D3-BF4B-00C04F79EFBC}") = "RitoWars.Core", "RitoWars.Core\RitoWars.Core.csproj", "{CB004023-B938-4EC6-B036-29EE2F55CFA4}"
EndProject
Project("{2150E333-8FDC-42A3-9474-1A3956D46DE8}") = "RitoWars", "RitoWars", "{F6D89A5B-E9D9-4926-A0BB-FC745B448217}"
EndProject
Project("{2150E333-8FDC-42A3-9474-1A3956D46DE8}") = "RitoHome", "RitoHome", "{2CA421C0-EE12-48BF-8AE5-8A26A604104C}"
EndProject
Project("{FAE04EC0-301F-11D3-BF4B-00C04F79EFBC}") = "RitoHomePacketReader", "RitoHomePacketReader\RitoHomePacketReader.csproj", "{411C3BEA-55C8-4BD4-A0D4-2D9844946D95}"
EndProject
Project("{FAE04EC0-301F-11D3-BF4B-00C04F79EFBC}") = "RitoWarsPacketReader", "RitoWarsPacketReader\RitoWarsPacketReader.csproj", "{18EF4B5C-FC17-430E-AEE2-006CE23C1468}"
EndProject
Project("{FAE04EC0-301F-11D3-BF4B-00C04F79EFBC}") = "RitoHome", "RitoHome\RitoHome.csproj", "{0053A7E4-00A6-42CA-B4C9-7894522A8E87}"
EndProject
Project("{FAE04EC0-301F-11D3-BF4B-00C04F79EFBC}") = "RitoHome.Core", "RitoHome.Core\RitoHome.Core.csproj", "{385843DE-F313-4D73-870F-534D23AC2F19}"
EndProject
Project("{FAE04EC0-301F-11D3-BF4B-00C04F79EFBC}") = "RitoUtil", "RitoUtil\RitoUtil.csproj", "{231752FC-B0B5-4C66-8863-031304C17514}"
EndProject
Global
	GlobalSection(SolutionConfigurationPlatforms) = preSolution
		Debug|Any CPU = Debug|Any CPU
		Release|Any CPU = Release|Any CPU
	EndGlobalSection
	GlobalSection(ProjectConfigurationPlatforms) = postSolution
		{FA75079E-C73A-4667-9B15-2DF8859FCD29}.Debug|Any CPU.ActiveCfg = Debug|Any CPU
		{FA75079E-C73A-4667-9B15-2DF8859FCD29}.Debug|Any CPU.Build.0 = Debug|Any CPU
		{FA75079E-C73A-4667-9B15-2DF8859FCD29}.Release|Any CPU.ActiveCfg = Release|Any CPU
		{FA75079E-C73A-4667-9B15-2DF8859FCD29}.Release|Any CPU.Build.0 = Release|Any CPU
		{CB004023-B938-4EC6-B036-29EE2F55CFA4}.Debug|Any CPU.ActiveCfg = Debug|Any CPU
		{CB004023-B938-4EC6-B036-29EE2F55CFA4}.Debug|Any CPU.Build.0 = Debug|Any CPU
		{CB004023-B938-4EC6-B036-29EE2F55CFA4}.Release|Any CPU.ActiveCfg = Release|Any CPU
		{CB004023-B938-4EC6-B036-29EE2F55CFA4}.Release|Any CPU.Build.0 = Release|Any CPU
		{411C3BEA-55C8-4BD4-A0D4-2D9844946D95}.Debug|Any CPU.ActiveCfg = Debug|Any CPU
		{411C3BEA-55C8-4BD4-A0D4-2D9844946D95}.Debug|Any CPU.Build.0 = Debug|Any CPU
		{411C3BEA-55C8-4BD4-A0D4-2D9844946D95}.Release|Any CPU.ActiveCfg = Release|Any CPU
		{411C3BEA-55C8-4BD4-A0D4-2D9844946D95}.Release|Any CPU.Build.0 = Release|Any CPU
		{18EF4B5C-FC17-430E-AEE2-006CE23C1468}.Debug|Any CPU.ActiveCfg = Debug|Any CPU
		{18EF4B5C-FC17-430E-AEE2-006CE23C1468}.Debug|Any CPU.Build.0 = Debug|Any CPU
		{18EF4B5C-FC17-430E-AEE2-006CE23C1468}.Release|Any CPU.ActiveCfg = Release|Any CPU
		{18EF4B5C-FC17-430E-AEE2-006CE23C1468}.Release|Any CPU.Build.0 = Release|Any CPU
		{0053A7E4-00A6-42CA-B4C9-7894522A8E87}.Debug|Any CPU.ActiveCfg = Debug|Any CPU
		{0053A7E4-00A6-42CA-B4C9-7894522A8E87}.Debug|Any CPU.Build.0 = Debug|Any CPU
		{0053A7E4-00A6-42CA-B4C9-7894522A8E87}.Release|Any CPU.ActiveCfg = Release|Any CPU
		{0053A7E4-00A6-42CA-B4C9-7894522A8E87}.Release|Any CPU.Build.0 = Release|Any CPU
		{385843DE-F313-4D73-870F-534D23AC2F19}.Debug|Any CPU.ActiveCfg = Debug|Any CPU
		{385843DE-F313-4D73-870F-534D23AC2F19}.Debug|Any CPU.Build.0 = Debug|Any CPU
		{385843DE-F313-4D73-870F-534D23AC2F19}.Release|Any CPU.ActiveCfg = Release|Any CPU
		{385843DE-F313-4D73-870F-534D23AC2F19}.Release|Any CPU.Build.0 = Release|Any CPU
		{231752FC-B0B5-4C66-8863-031304C17514}.Debug|Any CPU.ActiveCfg = Debug|Any CPU
		{231752FC-B0B5-4C66-8863-031304C17514}.Debug|Any CPU.Build.0 = Debug|Any CPU
		{231752FC-B0B5-4C66-8863-031304C17514}.Release|Any CPU.ActiveCfg = Release|Any CPU
		{231752FC-B0B5-4C66-8863-031304C17514}.Release|Any CPU.Build.0 = Release|Any CPU
	EndGlobalSection
	GlobalSection(SolutionProperties) = preSolution
		HideSolutionNode = FALSE
	EndGlobalSection
	GlobalSection(NestedProjects) = preSolution
		{FA75079E-C73A-4667-9B15-2DF8859FCD29} = {F6D89A5B-E9D9-4926-A0BB-FC745B448217}
		{CB004023-B938-4EC6-B036-29EE2F55CFA4} = {F6D89A5B-E9D9-4926-A0BB-FC745B448217}
		{411C3BEA-55C8-4BD4-A0D4-2D9844946D95} = {2CA421C0-EE12-48BF-8AE5-8A26A604104C}
		{18EF4B5C-FC17-430E-AEE2-006CE23C1468} = {F6D89A5B-E9D9-4926-A0BB-FC745B448217}
		{0053A7E4-00A6-42CA-B4C9-7894522A8E87} = {2CA421C0-EE12-48BF-8AE5-8A26A604104C}
		{385843DE-F313-4D73-870F-534D23AC2F19} = {2CA421C0-EE12-48BF-8AE5-8A26A604104C}
	EndGlobalSection
EndGlobal
